
Microsoft Visual Studio Solution File, Format Version 11.00
# Visual Studio 2010
Project("{2150E333-8FDC-42A3-9474-1A3956D46DE8}") = "Solution Items", "Solution Items", "{FED457A5-0366-4A6F-80B2-D27B0B44DFE1}"
	ProjectSection(SolutionItems) = preProject
		LocalTestRun.testrunconfig = LocalTestRun.testrunconfig
		XLANGsGrammar.vsmdi = XLANGsGrammar.vsmdi
	EndProjectSection
EndProject
Project("{FAE04EC0-301F-11D3-BF4B-00C04F79EFBC}") = "BiztalkGrammars", "XLANGsGrammar\BiztalkGrammars.csproj", "{794F652F-044D-4A2A-B8B8-BB5E42D4E33B}"
EndProject
Project("{FAE04EC0-301F-11D3-BF4B-00C04F79EFBC}") = "XLANGsGrammarTests", "XLANGsGrammarTests\XLANGsGrammarTests.csproj", "{E89AD5F4-154F-4FDB-9B8C-48F20E55A38C}"
EndProject
Project("{FAE04EC0-301F-11D3-BF4B-00C04F79EFBC}") = "BizTalkSamples", "BizTalkSamples\BizTalkSamples.btproj", "{A280B8D7-3E1C-4063-80B3-09D1C2DCFCF5}"
EndProject
Global
	GlobalSection(TestCaseManagementSettings) = postSolution
		CategoryFile = XLANGsGrammar.vsmdi
	EndGlobalSection
	GlobalSection(SolutionConfigurationPlatforms) = preSolution
		Debug|Any CPU = Debug|Any CPU
		Release|Any CPU = Release|Any CPU
	EndGlobalSection
	GlobalSection(ProjectConfigurationPlatforms) = postSolution
		{794F652F-044D-4A2A-B8B8-BB5E42D4E33B}.Debug|Any CPU.ActiveCfg = Debug|Any CPU
		{794F652F-044D-4A2A-B8B8-BB5E42D4E33B}.Debug|Any CPU.Build.0 = Debug|Any CPU
		{794F652F-044D-4A2A-B8B8-BB5E42D4E33B}.Release|Any CPU.ActiveCfg = Release|Any CPU
		{794F652F-044D-4A2A-B8B8-BB5E42D4E33B}.Release|Any CPU.Build.0 = Release|Any CPU
		{E89AD5F4-154F-4FDB-9B8C-48F20E55A38C}.Debug|Any CPU.ActiveCfg = Debug|Any CPU
		{E89AD5F4-154F-4FDB-9B8C-48F20E55A38C}.Debug|Any CPU.Build.0 = Debug|Any CPU
		{E89AD5F4-154F-4FDB-9B8C-48F20E55A38C}.Release|Any CPU.ActiveCfg = Release|Any CPU
		{E89AD5F4-154F-4FDB-9B8C-48F20E55A38C}.Release|Any CPU.Build.0 = Release|Any CPU
		{A280B8D7-3E1C-4063-80B3-09D1C2DCFCF5}.Debug|Any CPU.ActiveCfg = Debug|Any CPU
		{A280B8D7-3E1C-4063-80B3-09D1C2DCFCF5}.Release|Any CPU.ActiveCfg = Release|Any CPU
		{A280B8D7-3E1C-4063-80B3-09D1C2DCFCF5}.Release|Any CPU.Build.0 = Release|Any CPU
		{A280B8D7-3E1C-4063-80B3-09D1C2DCFCF5}.Release|Any CPU.Deploy.0 = Release|Any CPU
	EndGlobalSection
	GlobalSection(SolutionProperties) = preSolution
		HideSolutionNode = FALSE
	EndGlobalSection
EndGlobal
